
Microsoft Visual Studio Solution File, Format Version 12.00
# Visual Studio Version 17
VisualStudioVersion = 17.10.35122.118
MinimumVisualStudioVersion = 10.0.40219.1
Project("{FAE04EC0-301F-11D3-BF4B-00C04F79EFBC}") = "NotSistem", "NotSistem\NotSistem.csproj", "{1BEFE39C-49ED-418B-817C-92102C91D77E}"
EndProject
Global
	GlobalSection(SolutionConfigurationPlatforms) = preSolution
		Debug|Any CPU = Debug|Any CPU
		Release|Any CPU = Release|Any CPU
	EndGlobalSection
	GlobalSection(ProjectConfigurationPlatforms) = postSolution
		{1BEFE39C-49ED-418B-817C-92102C91D77E}.Debug|Any CPU.ActiveCfg = Debug|Any CPU
		{1BEFE39C-49ED-418B-817C-92102C91D77E}.Debug|Any CPU.Build.0 = Debug|Any CPU
		{1BEFE39C-49ED-418B-817C-92102C91D77E}.Release|Any CPU.ActiveCfg = Release|Any CPU
		{1BEFE39C-49ED-418B-817C-92102C91D77E}.Release|Any CPU.Build.0 = Release|Any CPU
	EndGlobalSection
	GlobalSection(SolutionProperties) = preSolution
		HideSolutionNode = FALSE
	EndGlobalSection
	GlobalSection(ExtensibilityGlobals) = postSolution
		SolutionGuid = {F8A86F72-B773-48CA-9621-392023DD3EAF}
	EndGlobalSection
EndGlobal
